
Microsoft Visual Studio Solution File, Format Version 12.00
# Visual Studio 15
VisualStudioVersion = 15.0.28307.2092
MinimumVisualStudioVersion = 10.0.40219.1
Project("{8BC9CEB8-8B4A-11D0-8D11-00A0C91BC942}") = "HM3-1 P13", "HM3-1 P13\HM3-1 P13.vcxproj", "{7E6E4350-E574-41C5-A6D6-5E42A3A8ABD9}"
EndProject
Global
	GlobalSection(SolutionConfigurationPlatforms) = preSolution
		Debug|x64 = Debug|x64
		Debug|x86 = Debug|x86
		Release|x64 = Release|x64
		Release|x86 = Release|x86
	EndGlobalSection
	GlobalSection(ProjectConfigurationPlatforms) = postSolution
		{7E6E4350-E574-41C5-A6D6-5E42A3A8ABD9}.Debug|x64.ActiveCfg = Debug|x64
		{7E6E4350-E574-41C5-A6D6-5E42A3A8ABD9}.Debug|x64.Build.0 = Debug|x64
		{7E6E4350-E574-41C5-A6D6-5E42A3A8ABD9}.Debug|x86.ActiveCfg = Debug|Win32
		{7E6E4350-E574-41C5-A6D6-5E42A3A8ABD9}.Debug|x86.Build.0 = Debug|Win32
		{7E6E4350-E574-41C5-A6D6-5E42A3A8ABD9}.Release|x64.ActiveCfg = Release|x64
		{7E6E4350-E574-41C5-A6D6-5E42A3A8ABD9}.Release|x64.Build.0 = Release|x64
		{7E6E4350-E574-41C5-A6D6-5E42A3A8ABD9}.Release|x86.ActiveCfg = Release|Win32
		{7E6E4350-E574-41C5-A6D6-5E42A3A8ABD9}.Release|x86.Build.0 = Release|Win32
	EndGlobalSection
	GlobalSection(SolutionProperties) = preSolution
		HideSolutionNode = FALSE
	EndGlobalSection
	GlobalSection(ExtensibilityGlobals) = postSolution
		SolutionGuid = {17FE2808-6D4D-42D1-999D-A7FD3E4023F4}
	EndGlobalSection
EndGlobal
